
Microsoft Visual Studio Solution File, Format Version 12.00
# Visual Studio Version 16
VisualStudioVersion = 16.0.30204.135
MinimumVisualStudioVersion = 10.0.40219.1
Project("{FAE04EC0-301F-11D3-BF4B-00C04F79EFBC}") = "PasswordGenerator2", "PasswordGenerator2.csproj", "{A45F09CE-D952-465F-A68B-61683A8A0F97}"
EndProject
Global
	GlobalSection(SolutionConfigurationPlatforms) = preSolution
		Debug|Any CPU = Debug|Any CPU
		Release|Any CPU = Release|Any CPU
	EndGlobalSection
	GlobalSection(ProjectConfigurationPlatforms) = postSolution
		{A45F09CE-D952-465F-A68B-61683A8A0F97}.Debug|Any CPU.ActiveCfg = Debug|Any CPU
		{A45F09CE-D952-465F-A68B-61683A8A0F97}.Debug|Any CPU.Build.0 = Debug|Any CPU
		{A45F09CE-D952-465F-A68B-61683A8A0F97}.Release|Any CPU.ActiveCfg = Release|Any CPU
		{A45F09CE-D952-465F-A68B-61683A8A0F97}.Release|Any CPU.Build.0 = Release|Any CPU
	EndGlobalSection
	GlobalSection(SolutionProperties) = preSolution
		HideSolutionNode = FALSE
	EndGlobalSection
	GlobalSection(ExtensibilityGlobals) = postSolution
		SolutionGuid = {689EF1DE-B1DF-4F7F-B4EF-01E4A2263B15}
	EndGlobalSection
EndGlobal
